
Microsoft Visual Studio Solution File, Format Version 12.00
# Visual Studio Version 17
VisualStudioVersion = 17.5.33516.290
MinimumVisualStudioVersion = 10.0.40219.1
Project("{2150E333-8FDC-42A3-9474-1A3956D46DE8}") = "ch_01", "ch_01", "{E666E82C-3CD8-4F9B-9770-A851A10BF98D}"
EndProject
Project("{8BC9CEB8-8B4A-11D0-8D11-00A0C91BC942}") = "example_1.1", "chapter01\example_1.1\example_1.1.vcxproj", "{ADFF0F65-27A5-4819-B82E-43C0FF89FB6D}"
EndProject
Project("{2150E333-8FDC-42A3-9474-1A3956D46DE8}") = "ch_02", "ch_02", "{1337B9BE-382F-476B-856E-60A350C3085C}"
EndProject
Project("{8BC9CEB8-8B4A-11D0-8D11-00A0C91BC942}") = "example_2.1", "chapter02\example_2.1\example_2.1.vcxproj", "{768B70B2-70E3-43BF-8405-1E4CBAA395DE}"
EndProject
Project("{8BC9CEB8-8B4A-11D0-8D11-00A0C91BC942}") = "example_2.2", "chapter02\example_2.2\example_2.2.vcxproj", "{BAED373D-2B4D-444E-9872-1A50DF88FB9F}"
EndProject
Project("{8BC9CEB8-8B4A-11D0-8D11-00A0C91BC942}") = "example_2.3", "chapter02\example_2.3\example_2.3.vcxproj", "{50A26386-343A-4157-94D1-8E827CF86FF0}"
EndProject
Project("{8BC9CEB8-8B4A-11D0-8D11-00A0C91BC942}") = "example_2.4", "chapter02\example_2.4\example_2.4.vcxproj", "{42BFCB22-544A-404E-A7BB-F217296F1124}"
EndProject
Project("{8BC9CEB8-8B4A-11D0-8D11-00A0C91BC942}") = "example_2.5", "chapter02\example_2.5\example_2.5.vcxproj", "{FBE2DEC0-8F32-4432-84D0-020F5D54DDF8}"
EndProject
Project("{8BC9CEB8-8B4A-11D0-8D11-00A0C91BC942}") = "example_2.6", "chapter02\example_2.6\example_2.6.vcxproj", "{0F6C5BD6-E98F-4472-9738-C642AC252B5C}"
EndProject
Project("{8BC9CEB8-8B4A-11D0-8D11-00A0C91BC942}") = "example_2.7", "chapter02\example_2.7\example_2.7.vcxproj", "{AA0429CA-DF88-4A7A-AC85-33B532CEC5E9}"
EndProject
Project("{8BC9CEB8-8B4A-11D0-8D11-00A0C91BC942}") = "example_2.8", "chapter02\example_2.8\example_2.8.vcxproj", "{D29BEFFD-32C7-40B2-95AD-A86A7283D13F}"
EndProject
Project("{2150E333-8FDC-42A3-9474-1A3956D46DE8}") = "ch_03", "ch_03", "{928546DC-1D31-4BF2-83D3-6A1582EF5723}"
EndProject
Project("{8BC9CEB8-8B4A-11D0-8D11-00A0C91BC942}") = "example_3.1", "chapter03\example_3.1\example_3.1.vcxproj", "{A3441595-0DD4-4322-BE2E-F829F8956693}"
EndProject
Project("{8BC9CEB8-8B4A-11D0-8D11-00A0C91BC942}") = "example_3.2", "chapter03\example_3.2\example_3.2.vcxproj", "{7C3807D6-1874-4ABC-B092-2289DCF97361}"
EndProject
Project("{8BC9CEB8-8B4A-11D0-8D11-00A0C91BC942}") = "example_3.5", "chapter03\example_3.5\example_3.5.vcxproj", "{51980E51-2BA0-4CC8-B9DC-206B95859F54}"
EndProject
Project("{8BC9CEB8-8B4A-11D0-8D11-00A0C91BC942}") = "example_3.6", "chapter03\example_3.6\example_3.6.vcxproj", "{634DBCA8-9126-4789-92E7-AED5B538A497}"
EndProject
Project("{8BC9CEB8-8B4A-11D0-8D11-00A0C91BC942}") = "example_3.8", "chapter03\example_3.8\example_3.8.vcxproj", "{04CC139C-8FBD-4561-8B98-ACE7BDB0ED3B}"
EndProject
Project("{8BC9CEB8-8B4A-11D0-8D11-00A0C91BC942}") = "example_3.9", "chapter03\example_3.9\example_3.9.vcxproj", "{35AE7D35-62B6-4658-A96E-82BF3C4572EE}"
EndProject
Project("{8BC9CEB8-8B4A-11D0-8D11-00A0C91BC942}") = "example_3.10", "chapter03\example_3.10\example_3.10.vcxproj", "{9E033C31-6D37-4950-82CB-4086F2F91356}"
EndProject
Project("{8BC9CEB8-8B4A-11D0-8D11-00A0C91BC942}") = "example_3.12", "chapter03\example_3.12\example_3.12.vcxproj", "{DF0311EF-CFD6-4F0A-92D6-10DD7C4A4796}"
EndProject
Project("{8BC9CEB8-8B4A-11D0-8D11-00A0C91BC942}") = "example_3.13", "chapter03\example_3.13\example_3.13.vcxproj", "{662B78AE-4F7B-4950-8420-C56E72DBBB9F}"
EndProject
Project("{2150E333-8FDC-42A3-9474-1A3956D46DE8}") = "ch_04", "ch_04", "{75487C66-383E-49C2-89FD-B5F242EBD6F4}"
EndProject
Project("{8BC9CEB8-8B4A-11D0-8D11-00A0C91BC942}") = "example_4.1", "chapter04\example_4.1\example_4.1.vcxproj", "{A7D36798-E929-4AB2-AC2D-117CC2E034BC}"
EndProject
Project("{8BC9CEB8-8B4A-11D0-8D11-00A0C91BC942}") = "example_4.5", "chapter04\example_4.5\example_4.5.vcxproj", "{B16F0368-7D59-4CD6-AD7F-1F3928C8F7BF}"
EndProject
Project("{8BC9CEB8-8B4A-11D0-8D11-00A0C91BC942}") = "example_4.6", "chapter04\example_4.6\example_4.6.vcxproj", "{CC8EA0AE-F568-4CD5-B137-152DF4B0F2BC}"
EndProject
Project("{8BC9CEB8-8B4A-11D0-8D11-00A0C91BC942}") = "example_4.13", "chapter04\example_4.13\example_4.13.vcxproj", "{4594AFF2-50B5-44BC-8E42-BAFFC1E5C06D}"
EndProject
Global
	GlobalSection(SolutionConfigurationPlatforms) = preSolution
		Debug|x64 = Debug|x64
		Debug|x86 = Debug|x86
		Release|x64 = Release|x64
		Release|x86 = Release|x86
	EndGlobalSection
	GlobalSection(ProjectConfigurationPlatforms) = postSolution
		{ADFF0F65-27A5-4819-B82E-43C0FF89FB6D}.Debug|x64.ActiveCfg = Debug|x64
		{ADFF0F65-27A5-4819-B82E-43C0FF89FB6D}.Debug|x64.Build.0 = Debug|x64
		{ADFF0F65-27A5-4819-B82E-43C0FF89FB6D}.Debug|x86.ActiveCfg = Debug|Win32
		{ADFF0F65-27A5-4819-B82E-43C0FF89FB6D}.Debug|x86.Build.0 = Debug|Win32
		{ADFF0F65-27A5-4819-B82E-43C0FF89FB6D}.Release|x64.ActiveCfg = Release|x64
		{ADFF0F65-27A5-4819-B82E-43C0FF89FB6D}.Release|x64.Build.0 = Release|x64
		{ADFF0F65-27A5-4819-B82E-43C0FF89FB6D}.Release|x86.ActiveCfg = Release|Win32
		{ADFF0F65-27A5-4819-B82E-43C0FF89FB6D}.Release|x86.Build.0 = Release|Win32
		{768B70B2-70E3-43BF-8405-1E4CBAA395DE}.Debug|x64.ActiveCfg = Debug|x64
		{768B70B2-70E3-43BF-8405-1E4CBAA395DE}.Debug|x64.Build.0 = Debug|x64
		{768B70B2-70E3-43BF-8405-1E4CBAA395DE}.Debug|x86.ActiveCfg = Debug|Win32
		{768B70B2-70E3-43BF-8405-1E4CBAA395DE}.Debug|x86.Build.0 = Debug|Win32
		{768B70B2-70E3-43BF-8405-1E4CBAA395DE}.Release|x64.ActiveCfg = Release|x64
		{768B70B2-70E3-43BF-8405-1E4CBAA395DE}.Release|x64.Build.0 = Release|x64
		{768B70B2-70E3-43BF-8405-1E4CBAA395DE}.Release|x86.ActiveCfg = Release|Win32
		{768B70B2-70E3-43BF-8405-1E4CBAA395DE}.Release|x86.Build.0 = Release|Win32
		{BAED373D-2B4D-444E-9872-1A50DF88FB9F}.Debug|x64.ActiveCfg = Debug|x64
		{BAED373D-2B4D-444E-9872-1A50DF88FB9F}.Debug|x64.Build.0 = Debug|x64
		{BAED373D-2B4D-444E-9872-1A50DF88FB9F}.Debug|x86.ActiveCfg = Debug|Win32
		{BAED373D-2B4D-444E-9872-1A50DF88FB9F}.Debug|x86.Build.0 = Debug|Win32
		{BAED373D-2B4D-444E-9872-1A50DF88FB9F}.Release|x64.ActiveCfg = Release|x64
		{BAED373D-2B4D-444E-9872-1A50DF88FB9F}.Release|x64.Build.0 = Release|x64
		{BAED373D-2B4D-444E-9872-1A50DF88FB9F}.Release|x86.ActiveCfg = Release|Win32
		{BAED373D-2B4D-444E-9872-1A50DF88FB9F}.Release|x86.Build.0 = Release|Win32
		{50A26386-343A-4157-94D1-8E827CF86FF0}.Debug|x64.ActiveCfg = Debug|x64
		{50A26386-343A-4157-94D1-8E827CF86FF0}.Debug|x64.Build.0 = Debug|x64
		{50A26386-343A-4157-94D1-8E827CF86FF0}.Debug|x86.ActiveCfg = Debug|Win32
		{50A26386-343A-4157-94D1-8E827CF86FF0}.Debug|x86.Build.0 = Debug|Win32
		{50A26386-343A-4157-94D1-8E827CF86FF0}.Release|x64.ActiveCfg = Release|x64
		{50A26386-343A-4157-94D1-8E827CF86FF0}.Release|x64.Build.0 = Release|x64
		{50A26386-343A-4157-94D1-8E827CF86FF0}.Release|x86.ActiveCfg = Release|Win32
		{50A26386-343A-4157-94D1-8E827CF86FF0}.Release|x86.Build.0 = Release|Win32
		{42BFCB22-544A-404E-A7BB-F217296F1124}.Debug|x64.ActiveCfg = Debug|x64
		{42BFCB22-544A-404E-A7BB-F217296F1124}.Debug|x64.Build.0 = Debug|x64
		{42BFCB22-544A-404E-A7BB-F217296F1124}.Debug|x86.ActiveCfg = Debug|Win32
		{42BFCB22-544A-404E-A7BB-F217296F1124}.Debug|x86.Build.0 = Debug|Win32
		{42BFCB22-544A-404E-A7BB-F217296F1124}.Release|x64.ActiveCfg = Release|x64
		{42BFCB22-544A-404E-A7BB-F217296F1124}.Release|x64.Build.0 = Release|x64
		{42BFCB22-544A-404E-A7BB-F217296F1124}.Release|x86.ActiveCfg = Release|Win32
		{42BFCB22-544A-404E-A7BB-F217296F1124}.Release|x86.Build.0 = Release|Win32
		{FBE2DEC0-8F32-4432-84D0-020F5D54DDF8}.Debug|x64.ActiveCfg = Debug|x64
		{FBE2DEC0-8F32-4432-84D0-020F5D54DDF8}.Debug|x64.Build.0 = Debug|x64
		{FBE2DEC0-8F32-4432-84D0-020F5D54DDF8}.Debug|x86.ActiveCfg = Debug|Win32
		{FBE2DEC0-8F32-4432-84D0-020F5D54DDF8}.Debug|x86.Build.0 = Debug|Win32
		{FBE2DEC0-8F32-4432-84D0-020F5D54DDF8}.Release|x64.ActiveCfg = Release|x64
		{FBE2DEC0-8F32-4432-84D0-020F5D54DDF8}.Release|x64.Build.0 = Release|x64
		{FBE2DEC0-8F32-4432-84D0-020F5D54DDF8}.Release|x86.ActiveCfg = Release|Win32
		{FBE2DEC0-8F32-4432-84D0-020F5D54DDF8}.Release|x86.Build.0 = Release|Win32
		{0F6C5BD6-E98F-4472-9738-C642AC252B5C}.Debug|x64.ActiveCfg = Debug|x64
		{0F6C5BD6-E98F-4472-9738-C642AC252B5C}.Debug|x64.Build.0 = Debug|x64
		{0F6C5BD6-E98F-4472-9738-C642AC252B5C}.Debug|x86.ActiveCfg = Debug|Win32
		{0F6C5BD6-E98F-4472-9738-C642AC252B5C}.Debug|x86.Build.0 = Debug|Win32
		{0F6C5BD6-E98F-4472-9738-C642AC252B5C}.Release|x64.ActiveCfg = Release|x64
		{0F6C5BD6-E98F-4472-9738-C642AC252B5C}.Release|x64.Build.0 = Release|x64
		{0F6C5BD6-E98F-4472-9738-C642AC252B5C}.Release|x86.ActiveCfg = Release|Win32
		{0F6C5BD6-E98F-4472-9738-C642AC252B5C}.Release|x86.Build.0 = Release|Win32
		{AA0429CA-DF88-4A7A-AC85-33B532CEC5E9}.Debug|x64.ActiveCfg = Debug|x64
		{AA0429CA-DF88-4A7A-AC85-33B532CEC5E9}.Debug|x64.Build.0 = Debug|x64
		{AA0429CA-DF88-4A7A-AC85-33B532CEC5E9}.Debug|x86.ActiveCfg = Debug|Win32
		{AA0429CA-DF88-4A7A-AC85-33B532CEC5E9}.Debug|x86.Build.0 = Debug|Win32
		{AA0429CA-DF88-4A7A-AC85-33B532CEC5E9}.Release|x64.ActiveCfg = Release|x64
		{AA0429CA-DF88-4A7A-AC85-33B532CEC5E9}.Release|x64.Build.0 = Release|x64
		{AA0429CA-DF88-4A7A-AC85-33B532CEC5E9}.Release|x86.ActiveCfg = Release|Win32
		{AA0429CA-DF88-4A7A-AC85-33B532CEC5E9}.Release|x86.Build.0 = Release|Win32
		{D29BEFFD-32C7-40B2-95AD-A86A7283D13F}.Debug|x64.ActiveCfg = Debug|x64
		{D29BEFFD-32C7-40B2-95AD-A86A7283D13F}.Debug|x64.Build.0 = Debug|x64
		{D29BEFFD-32C7-40B2-95AD-A86A7283D13F}.Debug|x86.ActiveCfg = Debug|Win32
		{D29BEFFD-32C7-40B2-95AD-A86A7283D13F}.Debug|x86.Build.0 = Debug|Win32
		{D29BEFFD-32C7-40B2-95AD-A86A7283D13F}.Release|x64.ActiveCfg = Release|x64
		{D29BEFFD-32C7-40B2-95AD-A86A7283D13F}.Release|x64.Build.0 = Release|x64
		{D29BEFFD-32C7-40B2-95AD-A86A7283D13F}.Release|x86.ActiveCfg = Release|Win32
		{D29BEFFD-32C7-40B2-95AD-A86A7283D13F}.Release|x86.Build.0 = Release|Win32
		{A3441595-0DD4-4322-BE2E-F829F8956693}.Debug|x64.ActiveCfg = Debug|x64
		{A3441595-0DD4-4322-BE2E-F829F8956693}.Debug|x64.Build.0 = Debug|x64
		{A3441595-0DD4-4322-BE2E-F829F8956693}.Debug|x86.ActiveCfg = Debug|Win32
		{A3441595-0DD4-4322-BE2E-F829F8956693}.Debug|x86.Build.0 = Debug|Win32
		{A3441595-0DD4-4322-BE2E-F829F8956693}.Release|x64.ActiveCfg = Release|x64
		{A3441595-0DD4-4322-BE2E-F829F8956693}.Release|x64.Build.0 = Release|x64
		{A3441595-0DD4-4322-BE2E-F829F8956693}.Release|x86.ActiveCfg = Release|Win32
		{A3441595-0DD4-4322-BE2E-F829F8956693}.Release|x86.Build.0 = Release|Win32
		{7C3807D6-1874-4ABC-B092-2289DCF97361}.Debug|x64.ActiveCfg = Debug|x64
		{7C3807D6-1874-4ABC-B092-2289DCF97361}.Debug|x64.Build.0 = Debug|x64
		{7C3807D6-1874-4ABC-B092-2289DCF97361}.Debug|x86.ActiveCfg = Debug|Win32
		{7C3807D6-1874-4ABC-B092-2289DCF97361}.Debug|x86.Build.0 = Debug|Win32
		{7C3807D6-1874-4ABC-B092-2289DCF97361}.Release|x64.ActiveCfg = Release|x64
		{7C3807D6-1874-4ABC-B092-2289DCF97361}.Release|x64.Build.0 = Release|x64
		{7C3807D6-1874-4ABC-B092-2289DCF97361}.Release|x86.ActiveCfg = Release|Win32
		{7C3807D6-1874-4ABC-B092-2289DCF97361}.Release|x86.Build.0 = Release|Win32
		{51980E51-2BA0-4CC8-B9DC-206B95859F54}.Debug|x64.ActiveCfg = Debug|x64
		{51980E51-2BA0-4CC8-B9DC-206B95859F54}.Debug|x64.Build.0 = Debug|x64
		{51980E51-2BA0-4CC8-B9DC-206B95859F54}.Debug|x86.ActiveCfg = Debug|Win32
		{51980E51-2BA0-4CC8-B9DC-206B95859F54}.Debug|x86.Build.0 = Debug|Win32
		{51980E51-2BA0-4CC8-B9DC-206B95859F54}.Release|x64.ActiveCfg = Release|x64
		{51980E51-2BA0-4CC8-B9DC-206B95859F54}.Release|x64.Build.0 = Release|x64
		{51980E51-2BA0-4CC8-B9DC-206B95859F54}.Release|x86.ActiveCfg = Release|Win32
		{51980E51-2BA0-4CC8-B9DC-206B95859F54}.Release|x86.Build.0 = Release|Win32
		{634DBCA8-9126-4789-92E7-AED5B538A497}.Debug|x64.ActiveCfg = Debug|x64
		{634DBCA8-9126-4789-92E7-AED5B538A497}.Debug|x64.Build.0 = Debug|x64
		{634DBCA8-9126-4789-92E7-AED5B538A497}.Debug|x86.ActiveCfg = Debug|Win32
		{634DBCA8-9126-4789-92E7-AED5B538A497}.Debug|x86.Build.0 = Debug|Win32
		{634DBCA8-9126-4789-92E7-AED5B538A497}.Release|x64.ActiveCfg = Release|x64
		{634DBCA8-9126-4789-92E7-AED5B538A497}.Release|x64.Build.0 = Release|x64
		{634DBCA8-9126-4789-92E7-AED5B538A497}.Release|x86.ActiveCfg = Release|Win32
		{634DBCA8-9126-4789-92E7-AED5B538A497}.Release|x86.Build.0 = Release|Win32
		{04CC139C-8FBD-4561-8B98-ACE7BDB0ED3B}.Debug|x64.ActiveCfg = Debug|x64
		{04CC139C-8FBD-4561-8B98-ACE7BDB0ED3B}.Debug|x64.Build.0 = Debug|x64
		{04CC139C-8FBD-4561-8B98-ACE7BDB0ED3B}.Debug|x86.ActiveCfg = Debug|Win32
		{04CC139C-8FBD-4561-8B98-ACE7BDB0ED3B}.Debug|x86.Build.0 = Debug|Win32
		{04CC139C-8FBD-4561-8B98-ACE7BDB0ED3B}.Release|x64.ActiveCfg = Release|x64
		{04CC139C-8FBD-4561-8B98-ACE7BDB0ED3B}.Release|x64.Build.0 = Release|x64
		{04CC139C-8FBD-4561-8B98-ACE7BDB0ED3B}.Release|x86.ActiveCfg = Release|Win32
		{04CC139C-8FBD-4561-8B98-ACE7BDB0ED3B}.Release|x86.Build.0 = Release|Win32
		{35AE7D35-62B6-4658-A96E-82BF3C4572EE}.Debug|x64.ActiveCfg = Debug|x64
		{35AE7D35-62B6-4658-A96E-82BF3C4572EE}.Debug|x64.Build.0 = Debug|x64
		{35AE7D35-62B6-4658-A96E-82BF3C4572EE}.Debug|x86.ActiveCfg = Debug|Win32
		{35AE7D35-62B6-4658-A96E-82BF3C4572EE}.Debug|x86.Build.0 = Debug|Win32
		{35AE7D35-62B6-4658-A96E-82BF3C4572EE}.Release|x64.ActiveCfg = Release|x64
		{35AE7D35-62B6-4658-A96E-82BF3C4572EE}.Release|x64.Build.0 = Release|x64
		{35AE7D35-62B6-4658-A96E-82BF3C4572EE}.Release|x86.ActiveCfg = Release|Win32
		{35AE7D35-62B6-4658-A96E-82BF3C4572EE}.Release|x86.Build.0 = Release|Win32
		{9E033C31-6D37-4950-82CB-4086F2F91356}.Debug|x64.ActiveCfg = Debug|x64
		{9E033C31-6D37-4950-82CB-4086F2F91356}.Debug|x64.Build.0 = Debug|x64
		{9E033C31-6D37-4950-82CB-4086F2F91356}.Debug|x86.ActiveCfg = Debug|Win32
		{9E033C31-6D37-4950-82CB-4086F2F91356}.Debug|x86.Build.0 = Debug|Win32
		{9E033C31-6D37-4950-82CB-4086F2F91356}.Release|x64.ActiveCfg = Release|x64
		{9E033C31-6D37-4950-82CB-4086F2F91356}.Release|x64.Build.0 = Release|x64
		{9E033C31-6D37-4950-82CB-4086F2F91356}.Release|x86.ActiveCfg = Release|Win32
		{9E033C31-6D37-4950-82CB-4086F2F91356}.Release|x86.Build.0 = Release|Win32
		{DF0311EF-CFD6-4F0A-92D6-10DD7C4A4796}.Debug|x64.ActiveCfg = Debug|x64
		{DF0311EF-CFD6-4F0A-92D6-10DD7C4A4796}.Debug|x64.Build.0 = Debug|x64
		{DF0311EF-CFD6-4F0A-92D6-10DD7C4A4796}.Debug|x86.ActiveCfg = Debug|Win32
		{DF0311EF-CFD6-4F0A-92D6-10DD7C4A4796}.Debug|x86.Build.0 = Debug|Win32
		{DF0311EF-CFD6-4F0A-92D6-10DD7C4A4796}.Release|x64.ActiveCfg = Release|x64
		{DF0311EF-CFD6-4F0A-92D6-10DD7C4A4796}.Release|x64.Build.0 = Release|x64
		{DF0311EF-CFD6-4F0A-92D6-10DD7C4A4796}.Release|x86.ActiveCfg = Release|Win32
		{DF0311EF-CFD6-4F0A-92D6-10DD7C4A4796}.Release|x86.Build.0 = Release|Win32
		{662B78AE-4F7B-4950-8420-C56E72DBBB9F}.Debug|x64.ActiveCfg = Debug|x64
		{662B78AE-4F7B-4950-8420-C56E72DBBB9F}.Debug|x64.Build.0 = Debug|x64
		{662B78AE-4F7B-4950-8420-C56E72DBBB9F}.Debug|x86.ActiveCfg = Debug|Win32
		{662B78AE-4F7B-4950-8420-C56E72DBBB9F}.Debug|x86.Build.0 = Debug|Win32
		{662B78AE-4F7B-4950-8420-C56E72DBBB9F}.Release|x64.ActiveCfg = Release|x64
		{662B78AE-4F7B-4950-8420-C56E72DBBB9F}.Release|x64.Build.0 = Release|x64
		{662B78AE-4F7B-4950-8420-C56E72DBBB9F}.Release|x86.ActiveCfg = Release|Win32
		{662B78AE-4F7B-4950-8420-C56E72DBBB9F}.Release|x86.Build.0 = Release|Win32
		{A7D36798-E929-4AB2-AC2D-117CC2E034BC}.Debug|x64.ActiveCfg = Debug|x64
		{A7D36798-E929-4AB2-AC2D-117CC2E034BC}.Debug|x64.Build.0 = Debug|x64
		{A7D36798-E929-4AB2-AC2D-117CC2E034BC}.Debug|x86.ActiveCfg = Debug|Win32
		{A7D36798-E929-4AB2-AC2D-117CC2E034BC}.Debug|x86.Build.0 = Debug|Win32
		{A7D36798-E929-4AB2-AC2D-117CC2E034BC}.Release|x64.ActiveCfg = Release|x64
		{A7D36798-E929-4AB2-AC2D-117CC2E034BC}.Release|x64.Build.0 = Release|x64
		{A7D36798-E929-4AB2-AC2D-117CC2E034BC}.Release|x86.ActiveCfg = Release|Win32
		{A7D36798-E929-4AB2-AC2D-117CC2E034BC}.Release|x86.Build.0 = Release|Win32
		{B16F0368-7D59-4CD6-AD7F-1F3928C8F7BF}.Debug|x64.ActiveCfg = Debug|x64
		{B16F0368-7D59-4CD6-AD7F-1F3928C8F7BF}.Debug|x64.Build.0 = Debug|x64
		{B16F0368-7D59-4CD6-AD7F-1F3928C8F7BF}.Debug|x86.ActiveCfg = Debug|Win32
		{B16F0368-7D59-4CD6-AD7F-1F3928C8F7BF}.Debug|x86.Build.0 = Debug|Win32
		{B16F0368-7D59-4CD6-AD7F-1F3928C8F7BF}.Release|x64.ActiveCfg = Release|x64
		{B16F0368-7D59-4CD6-AD7F-1F3928C8F7BF}.Release|x64.Build.0 = Release|x64
		{B16F0368-7D59-4CD6-AD7F-1F3928C8F7BF}.Release|x86.ActiveCfg = Release|Win32
		{B16F0368-7D59-4CD6-AD7F-1F3928C8F7BF}.Release|x86.Build.0 = Release|Win32
		{CC8EA0AE-F568-4CD5-B137-152DF4B0F2BC}.Debug|x64.ActiveCfg = Debug|x64
		{CC8EA0AE-F568-4CD5-B137-152DF4B0F2BC}.Debug|x64.Build.0 = Debug|x64
		{CC8EA0AE-F568-4CD5-B137-152DF4B0F2BC}.Debug|x86.ActiveCfg = Debug|Win32
		{CC8EA0AE-F568-4CD5-B137-152DF4B0F2BC}.Debug|x86.Build.0 = Debug|Win32
		{CC8EA0AE-F568-4CD5-B137-152DF4B0F2BC}.Release|x64.ActiveCfg = Release|x64
		{CC8EA0AE-F568-4CD5-B137-152DF4B0F2BC}.Release|x64.Build.0 = Release|x64
		{CC8EA0AE-F568-4CD5-B137-152DF4B0F2BC}.Release|x86.ActiveCfg = Release|Win32
		{CC8EA0AE-F568-4CD5-B137-152DF4B0F2BC}.Release|x86.Build.0 = Release|Win32
		{4594AFF2-50B5-44BC-8E42-BAFFC1E5C06D}.Debug|x64.ActiveCfg = Debug|x64
		{4594AFF2-50B5-44BC-8E42-BAFFC1E5C06D}.Debug|x64.Build.0 = Debug|x64
		{4594AFF2-50B5-44BC-8E42-BAFFC1E5C06D}.Debug|x86.ActiveCfg = Debug|Win32
		{4594AFF2-50B5-44BC-8E42-BAFFC1E5C06D}.Debug|x86.Build.0 = Debug|Win32
		{4594AFF2-50B5-44BC-8E42-BAFFC1E5C06D}.Release|x64.ActiveCfg = Release|x64
		{4594AFF2-50B5-44BC-8E42-BAFFC1E5C06D}.Release|x64.Build.0 = Release|x64
		{4594AFF2-50B5-44BC-8E42-BAFFC1E5C06D}.Release|x86.ActiveCfg = Release|Win32
		{4594AFF2-50B5-44BC-8E42-BAFFC1E5C06D}.Release|x86.Build.0 = Release|Win32
	EndGlobalSection
	GlobalSection(SolutionProperties) = preSolution
		HideSolutionNode = FALSE
	EndGlobalSection
	GlobalSection(NestedProjects) = preSolution
		{ADFF0F65-27A5-4819-B82E-43C0FF89FB6D} = {E666E82C-3CD8-4F9B-9770-A851A10BF98D}
		{768B70B2-70E3-43BF-8405-1E4CBAA395DE} = {1337B9BE-382F-476B-856E-60A350C3085C}
		{BAED373D-2B4D-444E-9872-1A50DF88FB9F} = {1337B9BE-382F-476B-856E-60A350C3085C}
		{50A26386-343A-4157-94D1-8E827CF86FF0} = {1337B9BE-382F-476B-856E-60A350C3085C}
		{42BFCB22-544A-404E-A7BB-F217296F1124} = {1337B9BE-382F-476B-856E-60A350C3085C}
		{FBE2DEC0-8F32-4432-84D0-020F5D54DDF8} = {1337B9BE-382F-476B-856E-60A350C3085C}
		{0F6C5BD6-E98F-4472-9738-C642AC252B5C} = {1337B9BE-382F-476B-856E-60A350C3085C}
		{AA0429CA-DF88-4A7A-AC85-33B532CEC5E9} = {1337B9BE-382F-476B-856E-60A350C3085C}
		{D29BEFFD-32C7-40B2-95AD-A86A7283D13F} = {1337B9BE-382F-476B-856E-60A350C3085C}
		{A3441595-0DD4-4322-BE2E-F829F8956693} = {928546DC-1D31-4BF2-83D3-6A1582EF5723}
		{7C3807D6-1874-4ABC-B092-2289DCF97361} = {928546DC-1D31-4BF2-83D3-6A1582EF5723}
		{51980E51-2BA0-4CC8-B9DC-206B95859F54} = {928546DC-1D31-4BF2-83D3-6A1582EF5723}
		{634DBCA8-9126-4789-92E7-AED5B538A497} = {928546DC-1D31-4BF2-83D3-6A1582EF5723}
		{04CC139C-8FBD-4561-8B98-ACE7BDB0ED3B} = {928546DC-1D31-4BF2-83D3-6A1582EF5723}
		{35AE7D35-62B6-4658-A96E-82BF3C4572EE} = {928546DC-1D31-4BF2-83D3-6A1582EF5723}
		{9E033C31-6D37-4950-82CB-4086F2F91356} = {928546DC-1D31-4BF2-83D3-6A1582EF5723}
		{DF0311EF-CFD6-4F0A-92D6-10DD7C4A4796} = {928546DC-1D31-4BF2-83D3-6A1582EF5723}
		{662B78AE-4F7B-4950-8420-C56E72DBBB9F} = {928546DC-1D31-4BF2-83D3-6A1582EF5723}
		{A7D36798-E929-4AB2-AC2D-117CC2E034BC} = {75487C66-383E-49C2-89FD-B5F242EBD6F4}
		{B16F0368-7D59-4CD6-AD7F-1F3928C8F7BF} = {75487C66-383E-49C2-89FD-B5F242EBD6F4}
		{CC8EA0AE-F568-4CD5-B137-152DF4B0F2BC} = {75487C66-383E-49C2-89FD-B5F242EBD6F4}
		{4594AFF2-50B5-44BC-8E42-BAFFC1E5C06D} = {75487C66-383E-49C2-89FD-B5F242EBD6F4}
	EndGlobalSection
	GlobalSection(ExtensibilityGlobals) = postSolution
		SolutionGuid = {C3FE3752-33A2-481C-A137-DFB58833ED0E}
	EndGlobalSection
EndGlobal
